
Microsoft Visual Studio Solution File, Format Version 12.00
# Visual Studio Version 16
VisualStudioVersion = 16.0.31702.278
MinimumVisualStudioVersion = 10.0.40219.1
Project("{FAE04EC0-301F-11D3-BF4B-00C04F79EFBC}") = "ApiNetCoreVS", "ApiNetCoreVS.csproj", "{EFA80FA0-5C1D-448B-A6EA-9675E858D57C}"
EndProject
Global
	GlobalSection(SolutionConfigurationPlatforms) = preSolution
		Debug|Any CPU = Debug|Any CPU
		Release|Any CPU = Release|Any CPU
	EndGlobalSection
	GlobalSection(ProjectConfigurationPlatforms) = postSolution
		{EFA80FA0-5C1D-448B-A6EA-9675E858D57C}.Debug|Any CPU.ActiveCfg = Debug|Any CPU
		{EFA80FA0-5C1D-448B-A6EA-9675E858D57C}.Debug|Any CPU.Build.0 = Debug|Any CPU
		{EFA80FA0-5C1D-448B-A6EA-9675E858D57C}.Release|Any CPU.ActiveCfg = Release|Any CPU
		{EFA80FA0-5C1D-448B-A6EA-9675E858D57C}.Release|Any CPU.Build.0 = Release|Any CPU
	EndGlobalSection
	GlobalSection(SolutionProperties) = preSolution
		HideSolutionNode = FALSE
	EndGlobalSection
	GlobalSection(ExtensibilityGlobals) = postSolution
		SolutionGuid = {ACBE2653-E33B-49DF-85CE-E9F9A1770310}
	EndGlobalSection
EndGlobal
